# @generated - this file is auto-generated by `mise lock` https://mise.jdx.dev/dev-tools/mise-lock.html

lockfile_version = 2

[[tools.elixir]]
version = "1.20.2-otp-29"
backend = "core:elixir"
specifiers = ["1.20.2-otp-29"]

[[tools.erlang]]
version = "29.0.3"
backend = "core:erlang"
specifiers = ["29.0.3"]
